{
  "name": "jataqi",
  "version": "0.1.0",
  "lockfileVersion": 3,
  "requires": true,
  "packages": {
    "": {
      "name": "jataqi",
      "version": "0.1.0",
      "license": "MIT",
      "workspaces": [
        "packages/*"
      ],
      "engines": {
        "node": ">=20.0.0"
      }
    },
    "node_modules/@jataqi/agent-runtime": {
      "resolved": "packages/agent-runtime",
      "link": true
    },
    "node_modules/@jataqi/api-gateway": {
      "resolved": "packages/api-gateway",
      "link": true
    },
    "node_modules/@jataqi/cli": {
      "resolved": "packages/cli",
      "link": true
    },
    "node_modules/@jataqi/compute": {
      "resolved": "packages/compute",
      "link": true
    },
    "node_modules/@jataqi/core-kernel": {
      "resolved": "packages/core-kernel",
      "link": true
    },
    "node_modules/@jataqi/knowledge-graph": {
      "resolved": "packages/knowledge-graph",
      "link": true
    },
    "node_modules/@jataqi/knowledge-service": {
      "resolved": "packages/knowledge-service",
      "link": true
    },
    "node_modules/@jataqi/metrics": {
      "resolved": "packages/metrics",
      "link": true
    },
    "node_modules/@jataqi/model-registry": {
      "resolved": "packages/model-registry",
      "link": true
    },
    "node_modules/@jataqi/orchestrator": {
      "resolved": "packages/orchestrator",
      "link": true
    },
    "node_modules/@jataqi/plugins": {
      "resolved": "packages/plugins",
      "link": true
    },
    "node_modules/@jataqi/qil": {
      "resolved": "packages/qil",
      "link": true
    },
    "node_modules/@jataqi/robotics": {
      "resolved": "packages/robotics",
      "link": true
    },
    "node_modules/@jataqi/scheduler": {
      "resolved": "packages/scheduler",
      "link": true
    },
    "node_modules/@jataqi/security": {
      "resolved": "packages/security",
      "link": true
    },
    "node_modules/@jataqi/simulation": {
      "resolved": "packages/simulation",
      "link": true
    },
    "node_modules/@jataqi/storage": {
      "resolved": "packages/storage",
      "link": true
    },
    "node_modules/@jataqi/teams": {
      "resolved": "packages/teams",
      "link": true
    },
    "node_modules/@jataqi/vector-search": {
      "resolved": "packages/vector-search",
      "link": true
    },
    "node_modules/@types/node": {
      "version": "20.19.43",
      "resolved": "https://registry.npmjs.org/@types/node/-/node-20.19.43.tgz",
      "integrity": "sha512-6oYBAi5ikg4Pl+kGsoYtawUMBT2zZMCvPNF7pVLnHZfd1zf38DRiWn/gT01RYCdUqkv7Fhr+C9ot4/tb+2sVvA==",
      "dev": true,
      "license": "MIT",
      "dependencies": {
        "undici-types": "~6.21.0"
      }
    },
    "node_modules/typescript": {
      "version": "5.9.3",
      "resolved": "https://registry.npmjs.org/typescript/-/typescript-5.9.3.tgz",
      "integrity": "sha512-jl1vZzPDinLr9eUt3J/t7V6FgNEw9QjvBPdysz9KfQDD41fQrC2Y4vKQdiaUpFT4bXlb1RHhLpp8wtm6M5TgSw==",
      "dev": true,
      "license": "Apache-2.0",
      "bin": {
        "tsc": "bin/tsc",
        "tsserver": "bin/tsserver"
      },
      "engines": {
        "node": ">=14.17"
      }
    },
    "node_modules/undici-types": {
      "version": "6.21.0",
      "resolved": "https://registry.npmjs.org/undici-types/-/undici-types-6.21.0.tgz",
      "integrity": "sha512-iwDZqg0QAGrg9Rav5H4n0M64c3mkR59cJ6wQp+7C4nI0gsmExaedaYLNO44eT4AtBBwjbTiGPMlt2Md0T9H9JQ==",
      "dev": true,
      "license": "MIT"
    },
    "packages/agent-runtime": {
      "name": "@jataqi/agent-runtime",
      "version": "0.1.0",
      "license": "MIT",
      "dependencies": {
        "@jataqi/core-kernel": "0.1.0",
        "@jataqi/knowledge-graph": "0.1.0",
        "@jataqi/knowledge-service": "0.1.0",
        "@jataqi/storage": "0.1.0",
        "@jataqi/vector-search": "0.1.0"
      },
      "devDependencies": {
        "@types/node": "^20.11.0",
        "typescript": "^5.4.0"
      }
    },
    "packages/api-gateway": {
      "name": "@jataqi/api-gateway",
      "version": "0.1.0",
      "license": "MIT",
      "dependencies": {
        "@jataqi/agent-runtime": "0.1.0",
        "@jataqi/compute": "0.1.0",
        "@jataqi/core-kernel": "0.1.0",
        "@jataqi/knowledge-service": "0.1.0",
        "@jataqi/metrics": "0.1.0",
        "@jataqi/model-registry": "0.1.0",
        "@jataqi/orchestrator": "0.1.0",
        "@jataqi/plugins": "0.1.0",
        "@jataqi/robotics": "0.1.0",
        "@jataqi/scheduler": "0.1.0",
        "@jataqi/security": "0.1.0",
        "@jataqi/simulation": "0.1.0",
        "@jataqi/teams": "0.1.0"
      },
      "devDependencies": {
        "@types/node": "^20.11.0",
        "typescript": "^5.4.0"
      }
    },
    "packages/cli": {
      "name": "@jataqi/cli",
      "version": "0.1.0",
      "license": "MIT",
      "dependencies": {
        "@jataqi/agent-runtime": "0.1.0",
        "@jataqi/api-gateway": "0.1.0",
        "@jataqi/compute": "0.1.0",
        "@jataqi/core-kernel": "0.1.0",
        "@jataqi/knowledge-graph": "0.1.0",
        "@jataqi/knowledge-service": "0.1.0",
        "@jataqi/metrics": "0.1.0",
        "@jataqi/model-registry": "0.1.0",
        "@jataqi/orchestrator": "0.1.0",
        "@jataqi/plugins": "0.1.0",
        "@jataqi/qil": "0.1.0",
        "@jataqi/robotics": "0.1.0",
        "@jataqi/scheduler": "0.1.0",
        "@jataqi/security": "0.1.0",
        "@jataqi/simulation": "0.1.0",
        "@jataqi/storage": "0.1.0",
        "@jataqi/teams": "0.1.0",
        "@jataqi/vector-search": "0.1.0"
      },
      "bin": {
        "jataqi": "dist/src/index.js"
      },
      "devDependencies": {
        "@types/node": "^20.11.0",
        "typescript": "^5.4.0"
      }
    },
    "packages/compute": {
      "name": "@jataqi/compute",
      "version": "0.1.0",
      "license": "MIT",
      "dependencies": {
        "@jataqi/agent-runtime": "0.1.0",
        "@jataqi/core-kernel": "0.1.0"
      },
      "devDependencies": {
        "@types/node": "^20.11.0",
        "typescript": "^5.4.0"
      }
    },
    "packages/core-kernel": {
      "name": "@jataqi/core-kernel",
      "version": "0.1.0",
      "license": "MIT",
      "devDependencies": {
        "@types/node": "^20.11.0",
        "typescript": "^5.4.0"
      }
    },
    "packages/knowledge-graph": {
      "name": "@jataqi/knowledge-graph",
      "version": "0.1.0",
      "license": "MIT",
      "dependencies": {
        "@jataqi/core-kernel": "0.1.0",
        "@jataqi/knowledge-service": "0.1.0",
        "@jataqi/storage": "0.1.0",
        "@jataqi/vector-search": "0.1.0"
      },
      "devDependencies": {
        "@types/node": "^20.11.0",
        "typescript": "^5.4.0"
      }
    },
    "packages/knowledge-service": {
      "name": "@jataqi/knowledge-service",
      "version": "0.1.0",
      "license": "MIT",
      "dependencies": {
        "@jataqi/core-kernel": "0.1.0",
        "@jataqi/storage": "0.1.0",
        "@jataqi/vector-search": "0.1.0"
      },
      "devDependencies": {
        "@types/node": "^20.11.0",
        "typescript": "^5.4.0"
      }
    },
    "packages/metrics": {
      "name": "@jataqi/metrics",
      "version": "0.1.0",
      "license": "MIT",
      "dependencies": {
        "@jataqi/core-kernel": "0.1.0"
      },
      "devDependencies": {
        "@types/node": "^20.11.0",
        "typescript": "^5.4.0"
      }
    },
    "packages/model-registry": {
      "name": "@jataqi/model-registry",
      "version": "0.1.0",
      "license": "MIT",
      "dependencies": {
        "@jataqi/core-kernel": "0.1.0"
      },
      "devDependencies": {
        "@types/node": "^20.11.0",
        "typescript": "^5.4.0"
      }
    },
    "packages/orchestrator": {
      "name": "@jataqi/orchestrator",
      "version": "0.1.0",
      "license": "MIT",
      "dependencies": {
        "@jataqi/agent-runtime": "0.1.0",
        "@jataqi/core-kernel": "0.1.0",
        "@jataqi/knowledge-service": "0.1.0",
        "@jataqi/qil": "0.1.0",
        "@jataqi/storage": "0.1.0"
      },
      "devDependencies": {
        "@types/node": "^20.11.0",
        "typescript": "^5.4.0"
      }
    },
    "packages/plugins": {
      "name": "@jataqi/plugins",
      "version": "0.1.0",
      "license": "MIT",
      "dependencies": {
        "@jataqi/core-kernel": "0.1.0"
      },
      "devDependencies": {
        "@types/node": "^20.11.0",
        "typescript": "^5.4.0"
      }
    },
    "packages/qil": {
      "name": "@jataqi/qil",
      "version": "0.1.0",
      "license": "MIT",
      "dependencies": {
        "@jataqi/core-kernel": "0.1.0"
      },
      "devDependencies": {
        "@types/node": "^20.11.0",
        "typescript": "^5.4.0"
      }
    },
    "packages/robotics": {
      "name": "@jataqi/robotics",
      "version": "0.1.0",
      "license": "MIT",
      "dependencies": {
        "@jataqi/core-kernel": "0.1.0",
        "@jataqi/storage": "0.1.0"
      },
      "devDependencies": {
        "@types/node": "^20.11.0",
        "typescript": "^5.4.0"
      }
    },
    "packages/scheduler": {
      "name": "@jataqi/scheduler",
      "version": "0.1.0",
      "license": "MIT",
      "dependencies": {
        "@jataqi/core-kernel": "0.1.0"
      },
      "devDependencies": {
        "@types/node": "^20.11.0",
        "typescript": "^5.4.0"
      }
    },
    "packages/security": {
      "name": "@jataqi/security",
      "version": "0.1.0",
      "license": "MIT",
      "dependencies": {
        "@jataqi/core-kernel": "0.1.0",
        "@jataqi/storage": "0.1.0"
      },
      "devDependencies": {
        "@types/node": "^20.11.0",
        "typescript": "^5.4.0"
      }
    },
    "packages/simulation": {
      "name": "@jataqi/simulation",
      "version": "0.1.0",
      "license": "MIT",
      "dependencies": {
        "@jataqi/core-kernel": "0.1.0"
      },
      "devDependencies": {
        "@types/node": "^20.11.0",
        "typescript": "^5.4.0"
      }
    },
    "packages/storage": {
      "name": "@jataqi/storage",
      "version": "0.1.0",
      "license": "MIT",
      "dependencies": {
        "@jataqi/core-kernel": "0.1.0"
      },
      "devDependencies": {
        "@types/node": "^20.11.0",
        "typescript": "^5.4.0"
      }
    },
    "packages/teams": {
      "name": "@jataqi/teams",
      "version": "0.1.0",
      "license": "MIT",
      "dependencies": {
        "@jataqi/agent-runtime": "0.1.0",
        "@jataqi/core-kernel": "0.1.0"
      },
      "devDependencies": {
        "@types/node": "^20.11.0",
        "typescript": "^5.4.0"
      }
    },
    "packages/vector-search": {
      "name": "@jataqi/vector-search",
      "version": "0.1.0",
      "license": "MIT",
      "dependencies": {
        "@jataqi/core-kernel": "0.1.0",
        "@jataqi/storage": "0.1.0"
      },
      "devDependencies": {
        "@types/node": "^20.11.0",
        "typescript": "^5.4.0"
      }
    }
  }
}
